// !$*UTF8*$!
{
	archiveVersion = 1;
	classes = {
	};
	objectVersion = 50;
	objects = {

/* Begin PBXBuildFile section */
		0F697B9326C6CBB400DF7FF6 /* AppDelegate.swift in Sources */ = {isa = PBXBuildFile; fileRef = 0F697B9226C6CBB400DF7FF6 /* AppDelegate.swift */; };
		0F697B9526C6CBB400DF7FF6 /* SceneDelegate.swift in Sources */ = {isa = PBXBuildFile; fileRef = 0F697B9426C6CBB400DF7FF6 /* SceneDelegate.swift */; };
		0F697B9726C6CBB400DF7FF6 /* ViewController.swift in Sources */ = {isa = PBXBuildFile; fileRef = 0F697B9626C6CBB400DF7FF6 /* ViewController.swift */; };
		0F697B9A26C6CBB400DF7FF6 /* Main.storyboard in Resources */ = {isa = PBXBuildFile; fileRef = 0F697B9826C6CBB400DF7FF6 /* Main.storyboard */; };
		0F697B9C26C6CBB600DF7FF6 /* Assets.xcassets in Resources */ = {isa = PBXBuildFile; fileRef = 0F697B9B26C6CBB600DF7FF6 /* Assets.xcassets */; };
		0F697B9F26C6CBB600DF7FF6 /* LaunchScreen.storyboard in Resources */ = {isa = PBXBuildFile; fileRef = 0F697B9D26C6CBB600DF7FF6 /* LaunchScreen.storyboard */; };
		0F697BAA26C6CBB600DF7FF6 /* Fetch_ApprenticeTests.swift in Sources */ = {isa = PBXBuildFile; fileRef = 0F697BA926C6CBB600DF7FF6 /* Fetch_ApprenticeTests.swift */; };
		0F697BB526C6CBB600DF7FF6 /* Fetch_ApprenticeUITests.swift in Sources */ = {isa = PBXBuildFile; fileRef = 0F697BB426C6CBB600DF7FF6 /* Fetch_ApprenticeUITests.swift */; };
		0F697BC626C6CCD100DF7FF6 /* Provider.swift in Sources */ = {isa = PBXBuildFile; fileRef = 0F697BC526C6CCD100DF7FF6 /* Provider.swift */; };
		0F697BCB26C6CD6B00DF7FF6 /* MealCategory.swift in Sources */ = {isa = PBXBuildFile; fileRef = 0F697BCA26C6CD6B00DF7FF6 /* MealCategory.swift */; };
		0F697BD026C6CE1700DF7FF6 /* ErrorMessage.swift in Sources */ = {isa = PBXBuildFile; fileRef = 0F697BCF26C6CE1700DF7FF6 /* ErrorMessage.swift */; };
		0F697BD626C6F26C00DF7FF6 /* MealCollectionViewController.swift in Sources */ = {isa = PBXBuildFile; fileRef = 0F697BD526C6F26C00DF7FF6 /* MealCollectionViewController.swift */; };
		0F697BDB26C6F6DA00DF7FF6 /* Meal.swift in Sources */ = {isa = PBXBuildFile; fileRef = 0F697BDA26C6F6DA00DF7FF6 /* Meal.swift */; };
		0F697BE026C6FC7700DF7FF6 /* MealPictureCell.swift in Sources */ = {isa = PBXBuildFile; fileRef = 0F697BDF26C6FC7700DF7FF6 /* MealPictureCell.swift */; };
		0F697BE926C7D13600DF7FF6 /* DetailViewController.swift in Sources */ = {isa = PBXBuildFile; fileRef = 0F697BE826C7D13600DF7FF6 /* DetailViewController.swift */; };
		0F697BF126C7D66500DF7FF6 /* MealRecipe.swift in Sources */ = {isa = PBXBuildFile; fileRef = 0F697BF026C7D66500DF7FF6 /* MealRecipe.swift */; };
/* End PBXBuildFile section */

/* Begin PBXContainerItemProxy section */
		0F697BA626C6CBB600DF7FF6 /* PBXContainerItemProxy */ = {
			isa = PBXContainerItemProxy;
			containerPortal = 0F697B8726C6CBB300DF7FF6 /* Project object */;
			proxyType = 1;
			remoteGlobalIDString = 0F697B8E26C6CBB400DF7FF6;
			remoteInfo = "Fetch-Apprentice";
		};
		0F697BB126C6CBB600DF7FF6 /* PBXContainerItemProxy */ = {
			isa = PBXContainerItemProxy;
			containerPortal = 0F697B8726C6CBB300DF7FF6 /* Project object */;
			proxyType = 1;
			remoteGlobalIDString = 0F697B8E26C6CBB400DF7FF6;
			remoteInfo = "Fetch-Apprentice";
		};
/* End PBXContainerItemProxy section */

/* Begin PBXFileReference section */
		0F0D64FA26CE93D3004A9F66 /* README.md */ = {isa = PBXFileReference; lastKnownFileType = net.daringfireball.markdown; path = README.md; sourceTree = "<group>"; };
		0F697B8F26C6CBB400DF7FF6 /* Fetch-Apprentice.app */ = {isa = PBXFileReference; explicitFileType = wrapper.application; includeInIndex = 0; path = "Fetch-Apprentice.app"; sourceTree = BUILT_PRODUCTS_DIR; };
		0F697B9226C6CBB400DF7FF6 /* AppDelegate.swift */ = {isa = PBXFileReference; lastKnownFileType = sourcecode.swift; path = AppDelegate.swift; sourceTree = "<group>"; };
		0F697B9426C6CBB400DF7FF6 /* SceneDelegate.swift */ = {isa = PBXFileReference; lastKnownFileType = sourcecode.swift; path = SceneDelegate.swift; sourceTree = "<group>"; };
		0F697B9626C6CBB400DF7FF6 /* ViewController.swift */ = {isa = PBXFileReference; lastKnownFileType = sourcecode.swift; path = ViewController.swift; sourceTree = "<group>"; };
		0F697B9926C6CBB400DF7FF6 /* Base */ = {isa = PBXFileReference; lastKnownFileType = file.storyboard; name = Base; path = Base.lproj/Main.storyboard; sourceTree = "<group>"; };
		0F697B9B26C6CBB600DF7FF6 /* Assets.xcassets */ = {isa = PBXFileReference; lastKnownFileType = folder.assetcatalog; path = Assets.xcassets; sourceTree = "<group>"; };
		0F697B9E26C6CBB600DF7FF6 /* Base */ = {isa = PBXFileReference; lastKnownFileType = file.storyboard; name = Base; path = Base.lproj/LaunchScreen.storyboard; sourceTree = "<group>"; };
		0F697BA026C6CBB600DF7FF6 /* Info.plist */ = {isa = PBXFileReference; lastKnownFileType = text.plist.xml; path = Info.plist; sourceTree = "<group>"; };
		0F697BA526C6CBB600DF7FF6 /* Fetch-ApprenticeTests.xctest */ = {isa = PBXFileReference; explicitFileType = wrapper.cfbundle; includeInIndex = 0; path = "Fetch-ApprenticeTests.xctest"; sourceTree = BUILT_PRODUCTS_DIR; };
		0F697BA926C6CBB600DF7FF6 /* Fetch_ApprenticeTests.swift */ = {isa = PBXFileReference; lastKnownFileType = sourcecode.swift; path = Fetch_ApprenticeTests.swift; sourceTree = "<group>"; };
		0F697BAB26C6CBB600DF7FF6 /* Info.plist */ = {isa = PBXFileReference; lastKnownFileType = text.plist.xml; path = Info.plist; sourceTree = "<group>"; };
		0F697BB026C6CBB600DF7FF6 /* Fetch-ApprenticeUITests.xctest */ = {isa = PBXFileReference; explicitFileType = wrapper.cfbundle; includeInIndex = 0; path = "Fetch-ApprenticeUITests.xctest"; sourceTree = BUILT_PRODUCTS_DIR; };
		0F697BB426C6CBB600DF7FF6 /* Fetch_ApprenticeUITests.swift */ = {isa = PBXFileReference; lastKnownFileType = sourcecode.swift; path = Fetch_ApprenticeUITests.swift; sourceTree = "<group>"; };
		0F697BB626C6CBB600DF7FF6 /* Info.plist */ = {isa = PBXFileReference; lastKnownFileType = text.plist.xml; path = Info.plist; sourceTree = "<group>"; };
		0F697BC526C6CCD100DF7FF6 /* Provider.swift */ = {isa = PBXFileReference; lastKnownFileType = sourcecode.swift; path = Provider.swift; sourceTree = "<group>"; };
		0F697BCA26C6CD6B00DF7FF6 /* MealCategory.swift */ = {isa = PBXFileReference; lastKnownFileType = sourcecode.swift; path = MealCategory.swift; sourceTree = "<group>"; };
		0F697BCF26C6CE1700DF7FF6 /* ErrorMessage.swift */ = {isa = PBXFileReference; lastKnownFileType = sourcecode.swift; path = ErrorMessage.swift; sourceTree = "<group>"; };
		0F697BD526C6F26C00DF7FF6 /* MealCollectionViewController.swift */ = {isa = PBXFileReference; lastKnownFileType = sourcecode.swift; path = MealCollectionViewController.swift; sourceTree = "<group>"; };
		0F697BDA26C6F6DA00DF7FF6 /* Meal.swift */ = {isa = PBXFileReference; lastKnownFileType = sourcecode.swift; path = Meal.swift; sourceTree = "<group>"; };
		0F697BDF26C6FC7700DF7FF6 /* MealPictureCell.swift */ = {isa = PBXFileReference; lastKnownFileType = sourcecode.swift; path = MealPictureCell.swift; sourceTree = "<group>"; };
		0F697BE826C7D13600DF7FF6 /* DetailViewController.swift */ = {isa = PBXFileReference; lastKnownFileType = sourcecode.swift; path = DetailViewController.swift; sourceTree = "<group>"; };
		0F697BF026C7D66500DF7FF6 /* MealRecipe.swift */ = {isa = PBXFileReference; lastKnownFileType = sourcecode.swift; path = MealRecipe.swift; sourceTree = "<group>"; };
/* End PBXFileReference section */

/* Begin PBXFrameworksBuildPhase section */
		0F697B8C26C6CBB400DF7FF6 /* Frameworks */ = {
			isa = PBXFrameworksBuildPhase;
			buildActionMask = 2147483647;
			files = (
			);
			runOnlyForDeploymentPostprocessing = 0;
		};
		0F697BA226C6CBB600DF7FF6 /* Frameworks */ = {
			isa = PBXFrameworksBuildPhase;
			buildActionMask = 2147483647;
			files = (
			);
			runOnlyForDeploymentPostprocessing = 0;
		};
		0F697BAD26C6CBB600DF7FF6 /* Frameworks */ = {
			isa = PBXFrameworksBuildPhase;
			buildActionMask = 2147483647;
			files = (
			);
			runOnlyForDeploymentPostprocessing = 0;
		};
/* End PBXFrameworksBuildPhase section */

/* Begin PBXGroup section */
		0F0EE09F26CC179C00787536 /* Models */ = {
			isa = PBXGroup;
			children = (
				0F697BDA26C6F6DA00DF7FF6 /* Meal.swift */,
				0F697BF026C7D66500DF7FF6 /* MealRecipe.swift */,
				0F697BCA26C6CD6B00DF7FF6 /* MealCategory.swift */,
			);
			path = Models;
			sourceTree = "<group>";
		};
		0F0EE0A026CC17D000787536 /* Boilerplate */ = {
			isa = PBXGroup;
			children = (
				0F697B9226C6CBB400DF7FF6 /* AppDelegate.swift */,
				0F697B9426C6CBB400DF7FF6 /* SceneDelegate.swift */,
			);
			path = Boilerplate;
			sourceTree = "<group>";
		};
		0F0EE0A726CC185000787536 /* DataProvider */ = {
			isa = PBXGroup;
			children = (
				0F697BC526C6CCD100DF7FF6 /* Provider.swift */,
				0F697BCF26C6CE1700DF7FF6 /* ErrorMessage.swift */,
			);
			path = DataProvider;
			sourceTree = "<group>";
		};
		0F697B8626C6CBB300DF7FF6 = {
			isa = PBXGroup;
			children = (
				0F0D64FA26CE93D3004A9F66 /* README.md */,
				0F697B9126C6CBB400DF7FF6 /* Fetch-Apprentice */,
				0F697BA826C6CBB600DF7FF6 /* Fetch-ApprenticeTests */,
				0F697BB326C6CBB600DF7FF6 /* Fetch-ApprenticeUITests */,
				0F697B9026C6CBB400DF7FF6 /* Products */,
			);
			sourceTree = "<group>";
		};
		0F697B9026C6CBB400DF7FF6 /* Products */ = {
			isa = PBXGroup;
			children = (
				0F697B8F26C6CBB400DF7FF6 /* Fetch-Apprentice.app */,
				0F697BA526C6CBB600DF7FF6 /* Fetch-ApprenticeTests.xctest */,
				0F697BB026C6CBB600DF7FF6 /* Fetch-ApprenticeUITests.xctest */,
			);
			name = Products;
			sourceTree = "<group>";
		};
		0F697B9126C6CBB400DF7FF6 /* Fetch-Apprentice */ = {
			isa = PBXGroup;
			children = (
				0F0EE09F26CC179C00787536 /* Models */,
				0F0EE0A026CC17D000787536 /* Boilerplate */,
				0F0EE0A726CC185000787536 /* DataProvider */,
				0F697B9626C6CBB400DF7FF6 /* ViewController.swift */,
				0F697BD526C6F26C00DF7FF6 /* MealCollectionViewController.swift */,
				0F697BE826C7D13600DF7FF6 /* DetailViewController.swift */,
				0F697BDF26C6FC7700DF7FF6 /* MealPictureCell.swift */,
				0F697B9826C6CBB400DF7FF6 /* Main.storyboard */,
				0F697B9B26C6CBB600DF7FF6 /* Assets.xcassets */,
				0F697B9D26C6CBB600DF7FF6 /* LaunchScreen.storyboard */,
				0F697BA026C6CBB600DF7FF6 /* Info.plist */,
			);
			path = "Fetch-Apprentice";
			sourceTree = "<group>";
		};
		0F697BA826C6CBB600DF7FF6 /* Fetch-ApprenticeTests */ = {
			isa = PBXGroup;
			children = (
				0F697BA926C6CBB600DF7FF6 /* Fetch_ApprenticeTests.swift */,
				0F697BAB26C6CBB600DF7FF6 /* Info.plist */,
			);
			path = "Fetch-ApprenticeTests";
			sourceTree = "<group>";
		};
		0F697BB326C6CBB600DF7FF6 /* Fetch-ApprenticeUITests */ = {
			isa = PBXGroup;
			children = (
				0F697BB426C6CBB600DF7FF6 /* Fetch_ApprenticeUITests.swift */,
				0F697BB626C6CBB600DF7FF6 /* Info.plist */,
			);
			path = "Fetch-ApprenticeUITests";
			sourceTree = "<group>";
		};
/* End PBXGroup section */

/* Begin PBXNativeTarget section */
		0F697B8E26C6CBB400DF7FF6 /* Fetch-Apprentice */ = {
			isa = PBXNativeTarget;
			buildConfigurationList = 0F697BB926C6CBB600DF7FF6 /* Build configuration list for PBXNativeTarget "Fetch-Apprentice" */;
			buildPhases = (
				0F697B8B26C6CBB400DF7FF6 /* Sources */,
				0F697B8C26C6CBB400DF7FF6 /* Frameworks */,
				0F697B8D26C6CBB400DF7FF6 /* Resources */,
			);
			buildRules = (
			);
			dependencies = (
			);
			name = "Fetch-Apprentice";
			productName = "Fetch-Apprentice";
			productReference = 0F697B8F26C6CBB400DF7FF6 /* Fetch-Apprentice.app */;
			productType = "com.apple.product-type.application";
		};
		0F697BA426C6CBB600DF7FF6 /* Fetch-ApprenticeTests */ = {
			isa = PBXNativeTarget;
			buildConfigurationList = 0F697BBC26C6CBB600DF7FF6 /* Build configuration list for PBXNativeTarget "Fetch-ApprenticeTests" */;
			buildPhases = (
				0F697BA126C6CBB600DF7FF6 /* Sources */,
				0F697BA226C6CBB600DF7FF6 /* Frameworks */,
				0F697BA326C6CBB600DF7FF6 /* Resources */,
			);
			buildRules = (
			);
			dependencies = (
				0F697BA726C6CBB600DF7FF6 /* PBXTargetDependency */,
			);
			name = "Fetch-ApprenticeTests";
			productName = "Fetch-ApprenticeTests";
			productReference = 0F697BA526C6CBB600DF7FF6 /* Fetch-ApprenticeTests.xctest */;
			productType = "com.apple.product-type.bundle.unit-test";
		};
		0F697BAF26C6CBB600DF7FF6 /* Fetch-ApprenticeUITests */ = {
			isa = PBXNativeTarget;
			buildConfigurationList = 0F697BBF26C6CBB600DF7FF6 /* Build configuration list for PBXNativeTarget "Fetch-ApprenticeUITests" */;
			buildPhases = (
				0F697BAC26C6CBB600DF7FF6 /* Sources */,
				0F697BAD26C6CBB600DF7FF6 /* Frameworks */,
				0F697BAE26C6CBB600DF7FF6 /* Resources */,
			);
			buildRules = (
			);
			dependencies = (
				0F697BB226C6CBB600DF7FF6 /* PBXTargetDependency */,
			);
			name = "Fetch-ApprenticeUITests";
			productName = "Fetch-ApprenticeUITests";
			productReference = 0F697BB026C6CBB600DF7FF6 /* Fetch-ApprenticeUITests.xctest */;
			productType = "com.apple.product-type.bundle.ui-testing";
		};
/* End PBXNativeTarget section */

/* Begin PBXProject section */
		0F697B8726C6CBB300DF7FF6 /* Project object */ = {
			isa = PBXProject;
			attributes = {
				LastSwiftUpdateCheck = 1240;
				LastUpgradeCheck = 1240;
				TargetAttributes = {
					0F697B8E26C6CBB400DF7FF6 = {
						CreatedOnToolsVersion = 12.4;
					};
					0F697BA426C6CBB600DF7FF6 = {
						CreatedOnToolsVersion = 12.4;
						TestTargetID = 0F697B8E26C6CBB400DF7FF6;
					};
					0F697BAF26C6CBB600DF7FF6 = {
						CreatedOnToolsVersion = 12.4;
						TestTargetID = 0F697B8E26C6CBB400DF7FF6;
					};
				};
			};
			buildConfigurationList = 0F697B8A26C6CBB300DF7FF6 /* Build configuration list for PBXProject "Fetch-Apprentice" */;
			compatibilityVersion = "Xcode 9.3";
			developmentRegion = en;
			hasScannedForEncodings = 0;
			knownRegions = (
				en,
				Base,
			);
			mainGroup = 0F697B8626C6CBB300DF7FF6;
			productRefGroup = 0F697B9026C6CBB400DF7FF6 /* Products */;
			projectDirPath = "";
			projectRoot = "";
			targets = (
				0F697B8E26C6CBB400DF7FF6 /* Fetch-Apprentice */,
				0F697BA426C6CBB600DF7FF6 /* Fetch-ApprenticeTests */,
				0F697BAF26C6CBB600DF7FF6 /* Fetch-ApprenticeUITests */,
			);
		};
/* End PBXProject section */

/* Begin PBXResourcesBuildPhase section */
		0F697B8D26C6CBB400DF7FF6 /* Resources */ = {
			isa = PBXResourcesBuildPhase;
			buildActionMask = 2147483647;
			files = (
				0F697B9F26C6CBB600DF7FF6 /* LaunchScreen.storyboard in Resources */,
				0F697B9C26C6CBB600DF7FF6 /* Assets.xcassets in Resources */,
				0F697B9A26C6CBB400DF7FF6 /* Main.storyboard in Resources */,
			);
			runOnlyForDeploymentPostprocessing = 0;
		};
		0F697BA326C6CBB600DF7FF6 /* Resources */ = {
			isa = PBXResourcesBuildPhase;
			buildActionMask = 2147483647;
			files = (
			);
			runOnlyForDeploymentPostprocessing = 0;
		};
		0F697BAE26C6CBB600DF7FF6 /* Resources */ = {
			isa = PBXResourcesBuildPhase;
			buildActionMask = 2147483647;
			files = (
			);
			runOnlyForDeploymentPostprocessing = 0;
		};
/* End PBXResourcesBuildPhase section */

/* Begin PBXSourcesBuildPhase section */
		0F697B8B26C6CBB400DF7FF6 /* Sources */ = {
			isa = PBXSourcesBuildPhase;
			buildActionMask = 2147483647;
			files = (
				0F697BC626C6CCD100DF7FF6 /* Provider.swift in Sources */,
				0F697BE026C6FC7700DF7FF6 /* MealPictureCell.swift in Sources */,
				0F697BF126C7D66500DF7FF6 /* MealRecipe.swift in Sources */,
				0F697B9726C6CBB400DF7FF6 /* ViewController.swift in Sources */,
				0F697BCB26C6CD6B00DF7FF6 /* MealCategory.swift in Sources */,
				0F697B9326C6CBB400DF7FF6 /* AppDelegate.swift in Sources */,
				0F697BDB26C6F6DA00DF7FF6 /* Meal.swift in Sources */,
				0F697BD026C6CE1700DF7FF6 /* ErrorMessage.swift in Sources */,
				0F697BE926C7D13600DF7FF6 /* DetailViewController.swift in Sources */,
				0F697BD626C6F26C00DF7FF6 /* MealCollectionViewController.swift in Sources */,
				0F697B9526C6CBB400DF7FF6 /* SceneDelegate.swift in Sources */,
			);
			runOnlyForDeploymentPostprocessing = 0;
		};
		0F697BA126C6CBB600DF7FF6 /* Sources */ = {
			isa = PBXSourcesBuildPhase;
			buildActionMask = 2147483647;
			files = (
				0F697BAA26C6CBB600DF7FF6 /* Fetch_ApprenticeTests.swift in Sources */,
			);
			runOnlyForDeploymentPostprocessing = 0;
		};
		0F697BAC26C6CBB600DF7FF6 /* Sources */ = {
			isa = PBXSourcesBuildPhase;
			buildActionMask = 2147483647;
			files = (
				0F697BB526C6CBB600DF7FF6 /* Fetch_ApprenticeUITests.swift in Sources */,
			);
			runOnlyForDeploymentPostprocessing = 0;
		};
/* End PBXSourcesBuildPhase section */

/* Begin PBXTargetDependency section */
		0F697BA726C6CBB600DF7FF6 /* PBXTargetDependency */ = {
			isa = PBXTargetDependency;
			target = 0F697B8E26C6CBB400DF7FF6 /* Fetch-Apprentice */;
			targetProxy = 0F697BA626C6CBB600DF7FF6 /* PBXContainerItemProxy */;
		};
		0F697BB226C6CBB600DF7FF6 /* PBXTargetDependency */ = {
			isa = PBXTargetDependency;
			target = 0F697B8E26C6CBB400DF7FF6 /* Fetch-Apprentice */;
			targetProxy = 0F697BB126C6CBB600DF7FF6 /* PBXContainerItemProxy */;
		};
/* End PBXTargetDependency section */

/* Begin PBXVariantGroup section */
		0F697B9826C6CBB400DF7FF6 /* Main.storyboard */ = {
			isa = PBXVariantGroup;
			children = (
				0F697B9926C6CBB400DF7FF6 /* Base */,
			);
			name = Main.storyboard;
			sourceTree = "<group>";
		};
		0F697B9D26C6CBB600DF7FF6 /* LaunchScreen.storyboard */ = {
			isa = PBXVariantGroup;
			children = (
				0F697B9E26C6CBB600DF7FF6 /* Base */,
			);
			name = LaunchScreen.storyboard;
			sourceTree = "<group>";
		};
/* End PBXVariantGroup section */

/* Begin XCBuildConfiguration section */
		0F697BB726C6CBB600DF7FF6 /* Debug */ = {
			isa = XCBuildConfiguration;
			buildSettings = {
				ALWAYS_SEARCH_USER_PATHS = NO;
				CLANG_ANALYZER_NONNULL = YES;
				CLANG_ANALYZER_NUMBER_OBJECT_CONVERSION = YES_AGGRESSIVE;
				CLANG_CXX_LANGUAGE_STANDARD = "gnu++14";
				CLANG_CXX_LIBRARY = "libc++";
				CLANG_ENABLE_MODULES = YES;
				CLANG_ENABLE_OBJC_ARC = YES;
				CLANG_ENABLE_OBJC_WEAK = YES;
				CLANG_WARN_BLOCK_CAPTURE_AUTORELEASING = YES;
				CLANG_WARN_BOOL_CONVERSION = YES;
				CLANG_WARN_COMMA = YES;
				CLANG_WARN_CONSTANT_CONVERSION = YES;
				CLANG_WARN_DEPRECATED_OBJC_IMPLEMENTATIONS = YES;
				CLANG_WARN_DIRECT_OBJC_ISA_USAGE = YES_ERROR;
				CLANG_WARN_DOCUMENTATION_COMMENTS = YES;
				CLANG_WARN_EMPTY_BODY = YES;
				CLANG_WARN_ENUM_CONVERSION = YES;
				CLANG_WARN_INFINITE_RECURSION = YES;
				CLANG_WARN_INT_CONVERSION = YES;
				CLANG_WARN_NON_LITERAL_NULL_CONVERSION = YES;
				CLANG_WARN_OBJC_IMPLICIT_RETAIN_SELF = YES;
				CLANG_WARN_OBJC_LITERAL_CONVERSION = YES;
				CLANG_WARN_OBJC_ROOT_CLASS = YES_ERROR;
				CLANG_WARN_QUOTED_INCLUDE_IN_FRAMEWORK_HEADER = YES;
				CLANG_WARN_RANGE_LOOP_ANALYSIS = YES;
				CLANG_WARN_STRICT_PROTOTYPES = YES;
				CLANG_WARN_SUSPICIOUS_MOVE = YES;
				CLANG_WARN_UNGUARDED_AVAILABILITY = YES_AGGRESSIVE;
				CLANG_WARN_UNREACHABLE_CODE = YES;
				CLANG_WARN__DUPLICATE_METHOD_MATCH = YES;
				COPY_PHASE_STRIP = NO;
				DEBUG_INFORMATION_FORMAT = dwarf;
				ENABLE_STRICT_OBJC_MSGSEND = YES;
				ENABLE_TESTABILITY = YES;
				GCC_C_LANGUAGE_STANDARD = gnu11;
				GCC_DYNAMIC_NO_PIC = NO;
				GCC_NO_COMMON_BLOCKS = YES;
				GCC_OPTIMIZATION_LEVEL = 0;
				GCC_PREPROCESSOR_DEFINITIONS = (
					"DEBUG=1",
					"$(inherited)",
				);
				GCC_WARN_64_TO_32_BIT_CONVERSION = YES;
				GCC_WARN_ABOUT_RETURN_TYPE = YES_ERROR;
				GCC_WARN_UNDECLARED_SELECTOR = YES;
				GCC_WARN_UNINITIALIZED_AUTOS = YES_AGGRESSIVE;
				GCC_WARN_UNUSED_FUNCTION = YES;
				GCC_WARN_UNUSED_VARIABLE = YES;
				IPHONEOS_DEPLOYMENT_TARGET = 14.4;
				MTL_ENABLE_DEBUG_INFO = INCLUDE_SOURCE;
				MTL_FAST_MATH = YES;
				ONLY_ACTIVE_ARCH = YES;
				SDKROOT = iphoneos;
				SWIFT_ACTIVE_COMPILATION_CONDITIONS = DEBUG;
				SWIFT_OPTIMIZATION_LEVEL = "-Onone";
			};
			name = Debug;
		};
		0F697BB826C6CBB600DF7FF6 /* Release */ = {
			isa = XCBuildConfiguration;
			buildSettings = {
				ALWAYS_SEARCH_USER_PATHS = NO;
				CLANG_ANALYZER_NONNULL = YES;
				CLANG_ANALYZER_NUMBER_OBJECT_CONVERSION = YES_AGGRESSIVE;
				CLANG_CXX_LANGUAGE_STANDARD = "gnu++14";
				CLANG_CXX_LIBRARY = "libc++";
				CLANG_ENABLE_MODULES = YES;
				CLANG_ENABLE_OBJC_ARC = YES;
				CLANG_ENABLE_OBJC_WEAK = YES;
				CLANG_WARN_BLOCK_CAPTURE_AUTORELEASING = YES;
				CLANG_WARN_BOOL_CONVERSION = YES;
				CLANG_WARN_COMMA = YES;
				CLANG_WARN_CONSTANT_CONVERSION = YES;
				CLANG_WARN_DEPRECATED_OBJC_IMPLEMENTATIONS = YES;
				CLANG_WARN_DIRECT_OBJC_ISA_USAGE = YES_ERROR;
				CLANG_WARN_DOCUMENTATION_COMMENTS = YES;
				CLANG_WARN_EMPTY_BODY = YES;
				CLANG_WARN_ENUM_CONVERSION = YES;
				CLANG_WARN_INFINITE_RECURSION = YES;
				CLANG_WARN_INT_CONVERSION = YES;
				CLANG_WARN_NON_LITERAL_NULL_CONVERSION = YES;
				CLANG_WARN_OBJC_IMPLICIT_RETAIN_SELF = YES;
				CLANG_WARN_OBJC_LITERAL_CONVERSION = YES;
				CLANG_WARN_OBJC_ROOT_CLASS = YES_ERROR;
				CLANG_WARN_QUOTED_INCLUDE_IN_FRAMEWORK_HEADER = YES;
				CLANG_WARN_RANGE_LOOP_ANALYSIS = YES;
				CLANG_WARN_STRICT_PROTOTYPES = YES;
				CLANG_WARN_SUSPICIOUS_MOVE = YES;
				CLANG_WARN_UNGUARDED_AVAILABILITY = YES_AGGRESSIVE;
				CLANG_WARN_UNREACHABLE_CODE = YES;
				CLANG_WARN__DUPLICATE_METHOD_MATCH = YES;
				COPY_PHASE_STRIP = NO;
				DEBUG_INFORMATION_FORMAT = "dwarf-with-dsym";
				ENABLE_NS_ASSERTIONS = NO;
				ENABLE_STRICT_OBJC_MSGSEND = YES;
				GCC_C_LANGUAGE_STANDARD = gnu11;
				GCC_NO_COMMON_BLOCKS = YES;
				GCC_WARN_64_TO_32_BIT_CONVERSION = YES;
				GCC_WARN_ABOUT_RETURN_TYPE = YES_ERROR;
				GCC_WARN_UNDECLARED_SELECTOR = YES;
				GCC_WARN_UNINITIALIZED_AUTOS = YES_AGGRESSIVE;
				GCC_WARN_UNUSED_FUNCTION = YES;
				GCC_WARN_UNUSED_VARIABLE = YES;
				IPHONEOS_DEPLOYMENT_TARGET = 14.4;
				MTL_ENABLE_DEBUG_INFO = NO;
				MTL_FAST_MATH = YES;
				SDKROOT = iphoneos;
				SWIFT_COMPILATION_MODE = wholemodule;
				SWIFT_OPTIMIZATION_LEVEL = "-O";
				VALIDATE_PRODUCT = YES;
			};
			name = Release;
		};
		0F697BBA26C6CBB600DF7FF6 /* Debug */ = {
			isa = XCBuildConfiguration;
			buildSettings = {
				ASSETCATALOG_COMPILER_APPICON_NAME = AppIcon;
				ASSETCATALOG_COMPILER_GLOBAL_ACCENT_COLOR_NAME = AccentColor;
				CODE_SIGN_STYLE = Automatic;
				DEVELOPMENT_TEAM = 73X37M5BQV;
				INFOPLIST_FILE = "Fetch-Apprentice/Info.plist";
				LD_RUNPATH_SEARCH_PATHS = (
					"$(inherited)",
					"@executable_path/Frameworks",
				);
				PRODUCT_BUNDLE_IDENTIFIER = "dev.travisbrigman.Fetch-Apprentice";
				PRODUCT_NAME = "$(TARGET_NAME)";
				SWIFT_VERSION = 5.0;
				TARGETED_DEVICE_FAMILY = 1;
			};
			name = Debug;
		};
		0F697BBB26C6CBB600DF7FF6 /* Release */ = {
			isa = XCBuildConfiguration;
			buildSettings = {
				ASSETCATALOG_COMPILER_APPICON_NAME = AppIcon;
				ASSETCATALOG_COMPILER_GLOBAL_ACCENT_COLOR_NAME = AccentColor;
				CODE_SIGN_STYLE = Automatic;
				DEVELOPMENT_TEAM = 73X37M5BQV;
				INFOPLIST_FILE = "Fetch-Apprentice/Info.plist";
				LD_RUNPATH_SEARCH_PATHS = (
					"$(inherited)",
					"@executable_path/Frameworks",
				);
				PRODUCT_BUNDLE_IDENTIFIER = "dev.travisbrigman.Fetch-Apprentice";
				PRODUCT_NAME = "$(TARGET_NAME)";
				SWIFT_VERSION = 5.0;
				TARGETED_DEVICE_FAMILY = 1;
			};
			name = Release;
		};
		0F697BBD26C6CBB600DF7FF6 /* Debug */ = {
			isa = XCBuildConfiguration;
			buildSettings = {
				ALWAYS_EMBED_SWIFT_STANDARD_LIBRARIES = YES;
				BUNDLE_LOADER = "$(TEST_HOST)";
				CODE_SIGN_STYLE = Automatic;
				DEVELOPMENT_TEAM = 73X37M5BQV;
				INFOPLIST_FILE = "Fetch-ApprenticeTests/Info.plist";
				IPHONEOS_DEPLOYMENT_TARGET = 14.4;
				LD_RUNPATH_SEARCH_PATHS = (
					"$(inherited)",
					"@executable_path/Frameworks",
					"@loader_path/Frameworks",
				);
				PRODUCT_BUNDLE_IDENTIFIER = "dev.travisbrigman.Fetch-ApprenticeTests";
				PRODUCT_NAME = "$(TARGET_NAME)";
				SWIFT_VERSION = 5.0;
				TARGETED_DEVICE_FAMILY = "1,2";
				TEST_HOST = "$(BUILT_PRODUCTS_DIR)/Fetch-Apprentice.app/Fetch-Apprentice";
			};
			name = Debug;
		};
		0F697BBE26C6CBB600DF7FF6 /* Release */ = {
			isa = XCBuildConfiguration;
			buildSettings = {
				ALWAYS_EMBED_SWIFT_STANDARD_LIBRARIES = YES;
				BUNDLE_LOADER = "$(TEST_HOST)";
				CODE_SIGN_STYLE = Automatic;
				DEVELOPMENT_TEAM = 73X37M5BQV;
				INFOPLIST_FILE = "Fetch-ApprenticeTests/Info.plist";
				IPHONEOS_DEPLOYMENT_TARGET = 14.4;
				LD_RUNPATH_SEARCH_PATHS = (
					"$(inherited)",
					"@executable_path/Frameworks",
					"@loader_path/Frameworks",
				);
				PRODUCT_BUNDLE_IDENTIFIER = "dev.travisbrigman.Fetch-ApprenticeTests";
				PRODUCT_NAME = "$(TARGET_NAME)";
				SWIFT_VERSION = 5.0;
				TARGETED_DEVICE_FAMILY = "1,2";
				TEST_HOST = "$(BUILT_PRODUCTS_DIR)/Fetch-Apprentice.app/Fetch-Apprentice";
			};
			name = Release;
		};
		0F697BC026C6CBB600DF7FF6 /* Debug */ = {
			isa = XCBuildConfiguration;
			buildSettings = {
				ALWAYS_EMBED_SWIFT_STANDARD_LIBRARIES = YES;
				CODE_SIGN_STYLE = Automatic;
				DEVELOPMENT_TEAM = 73X37M5BQV;
				INFOPLIST_FILE = "Fetch-ApprenticeUITests/Info.plist";
				LD_RUNPATH_SEARCH_PATHS = (
					"$(inherited)",
					"@executable_path/Frameworks",
					"@loader_path/Frameworks",
				);
				PRODUCT_BUNDLE_IDENTIFIER = "dev.travisbrigman.Fetch-ApprenticeUITests";
				PRODUCT_NAME = "$(TARGET_NAME)";
				SWIFT_VERSION = 5.0;
				TARGETED_DEVICE_FAMILY = "1,2";
				TEST_TARGET_NAME = "Fetch-Apprentice";
			};
			name = Debug;
		};
		0F697BC126C6CBB600DF7FF6 /* Release */ = {
			isa = XCBuildConfiguration;
			buildSettings = {
				ALWAYS_EMBED_SWIFT_STANDARD_LIBRARIES = YES;
				CODE_SIGN_STYLE = Automatic;
				DEVELOPMENT_TEAM = 73X37M5BQV;
				INFOPLIST_FILE = "Fetch-ApprenticeUITests/Info.plist";
				LD_RUNPATH_SEARCH_PATHS = (
					"$(inherited)",
					"@executable_path/Frameworks",
					"@loader_path/Frameworks",
				);
				PRODUCT_BUNDLE_IDENTIFIER = "dev.travisbrigman.Fetch-ApprenticeUITests";
				PRODUCT_NAME = "$(TARGET_NAME)";
				SWIFT_VERSION = 5.0;
				TARGETED_DEVICE_FAMILY = "1,2";
				TEST_TARGET_NAME = "Fetch-Apprentice";
			};
			name = Release;
		};
/* End XCBuildConfiguration section */

/* Begin XCConfigurationList section */
		0F697B8A26C6CBB300DF7FF6 /* Build configuration list for PBXProject "Fetch-Apprentice" */ = {
			isa = XCConfigurationList;
			buildConfigurations = (
				0F697BB726C6CBB600DF7FF6 /* Debug */,
				0F697BB826C6CBB600DF7FF6 /* Release */,
			);
			defaultConfigurationIsVisible = 0;
			defaultConfigurationName = Release;
		};
		0F697BB926C6CBB600DF7FF6 /* Build configuration list for PBXNativeTarget "Fetch-Apprentice" */ = {
			isa = XCConfigurationList;
			buildConfigurations = (
				0F697BBA26C6CBB600DF7FF6 /* Debug */,
				0F697BBB26C6CBB600DF7FF6 /* Release */,
			);
			defaultConfigurationIsVisible = 0;
			defaultConfigurationName = Release;
		};
		0F697BBC26C6CBB600DF7FF6 /* Build configuration list for PBXNativeTarget "Fetch-ApprenticeTests" */ = {
			isa = XCConfigurationList;
			buildConfigurations = (
				0F697BBD26C6CBB600DF7FF6 /* Debug */,
				0F697BBE26C6CBB600DF7FF6 /* Release */,
			);
			defaultConfigurationIsVisible = 0;
			defaultConfigurationName = Release;
		};
		0F697BBF26C6CBB600DF7FF6 /* Build configuration list for PBXNativeTarget "Fetch-ApprenticeUITests" */ = {
			isa = XCConfigurationList;
			buildConfigurations = (
				0F697BC026C6CBB600DF7FF6 /* Debug */,
				0F697BC126C6CBB600DF7FF6 /* Release */,
			);
			defaultConfigurationIsVisible = 0;
			defaultConfigurationName = Release;
		};
/* End XCConfigurationList section */
	};
	rootObject = 0F697B8726C6CBB300DF7FF6 /* Project object */;
}
